
Microsoft Visual Studio Solution File, Format Version 12.00
# Visual Studio Version 16
VisualStudioVersion = 16.0.29409.12
MinimumVisualStudioVersion = 10.0.40219.1
Project("{9A19103F-16F7-4668-BE54-9A1E7A4F7556}") = "Food", "Food.csproj", "{A048ABD0-E107-4956-B10F-4CCF7DCCE7D6}"
EndProject
Project("{FAE04EC0-301F-11D3-BF4B-00C04F79EFBC}") = "Food.Core", "..\Food.Core\Food.Core.csproj", "{D92C34EE-17AE-49B2-9CDB-EDE2127FD308}"
EndProject
Project("{FAE04EC0-301F-11D3-BF4B-00C04F79EFBC}") = "Food.Data", "..\Food.Data\Food.Data.csproj", "{9BB92904-222E-4045-B493-F93741F20645}"
EndProject
Global
	GlobalSection(SolutionConfigurationPlatforms) = preSolution
		Debug|Any CPU = Debug|Any CPU
		Release|Any CPU = Release|Any CPU
	EndGlobalSection
	GlobalSection(ProjectConfigurationPlatforms) = postSolution
		{A048ABD0-E107-4956-B10F-4CCF7DCCE7D6}.Debug|Any CPU.ActiveCfg = Debug|Any CPU
		{A048ABD0-E107-4956-B10F-4CCF7DCCE7D6}.Debug|Any CPU.Build.0 = Debug|Any CPU
		{A048ABD0-E107-4956-B10F-4CCF7DCCE7D6}.Release|Any CPU.ActiveCfg = Release|Any CPU
		{A048ABD0-E107-4956-B10F-4CCF7DCCE7D6}.Release|Any CPU.Build.0 = Release|Any CPU
		{D92C34EE-17AE-49B2-9CDB-EDE2127FD308}.Debug|Any CPU.ActiveCfg = Debug|Any CPU
		{D92C34EE-17AE-49B2-9CDB-EDE2127FD308}.Debug|Any CPU.Build.0 = Debug|Any CPU
		{D92C34EE-17AE-49B2-9CDB-EDE2127FD308}.Release|Any CPU.ActiveCfg = Release|Any CPU
		{D92C34EE-17AE-49B2-9CDB-EDE2127FD308}.Release|Any CPU.Build.0 = Release|Any CPU
		{9BB92904-222E-4045-B493-F93741F20645}.Debug|Any CPU.ActiveCfg = Debug|Any CPU
		{9BB92904-222E-4045-B493-F93741F20645}.Debug|Any CPU.Build.0 = Debug|Any CPU
		{9BB92904-222E-4045-B493-F93741F20645}.Release|Any CPU.ActiveCfg = Release|Any CPU
		{9BB92904-222E-4045-B493-F93741F20645}.Release|Any CPU.Build.0 = Release|Any CPU
	EndGlobalSection
	GlobalSection(SolutionProperties) = preSolution
		HideSolutionNode = FALSE
	EndGlobalSection
	GlobalSection(ExtensibilityGlobals) = postSolution
		SolutionGuid = {E63001AC-0E36-4470-85C1-EBEC4EB39B45}
	EndGlobalSection
EndGlobal
